
Microsoft Visual Studio Solution File, Format Version 12.00
# Visual Studio Version 16
VisualStudioVersion = 16.0.34114.132
MinimumVisualStudioVersion = 10.0.40219.1
Project("{FAE04EC0-301F-11D3-BF4B-00C04F79EFBC}") = "ex2", "ex2\ex2.csproj", "{BC8A8A41-EEC1-4094-BDE3-824B099B6918}"
EndProject
Global
	GlobalSection(SolutionConfigurationPlatforms) = preSolution
		Debug|Any CPU = Debug|Any CPU
		Release|Any CPU = Release|Any CPU
	EndGlobalSection
	GlobalSection(ProjectConfigurationPlatforms) = postSolution
		{BC8A8A41-EEC1-4094-BDE3-824B099B6918}.Debug|Any CPU.ActiveCfg = Debug|Any CPU
		{BC8A8A41-EEC1-4094-BDE3-824B099B6918}.Debug|Any CPU.Build.0 = Debug|Any CPU
		{BC8A8A41-EEC1-4094-BDE3-824B099B6918}.Release|Any CPU.ActiveCfg = Release|Any CPU
		{BC8A8A41-EEC1-4094-BDE3-824B099B6918}.Release|Any CPU.Build.0 = Release|Any CPU
	EndGlobalSection
	GlobalSection(SolutionProperties) = preSolution
		HideSolutionNode = FALSE
	EndGlobalSection
	GlobalSection(ExtensibilityGlobals) = postSolution
		SolutionGuid = {F9A6D2D3-472F-4117-901F-CA79EBBB0D47}
	EndGlobalSection
EndGlobal
